// !$*UTF8*$!
{
	archiveVersion = 1;
	classes = {
	};
	objectVersion = 56;
	objects = {

/* Begin PBXBuildFile section */
		E500B61929662EF700DCCB9F /* GoogleService-Info.plist in Resources */ = {isa = PBXBuildFile; fileRef = E500B61829662EF700DCCB9F /* GoogleService-Info.plist */; };
		E500B61C29662FE600DCCB9F /* FirebaseAnalytics in Frameworks */ = {isa = PBXBuildFile; productRef = E500B61B29662FE600DCCB9F /* FirebaseAnalytics */; };
		E500B61E29662FE600DCCB9F /* FirebaseAuth in Frameworks */ = {isa = PBXBuildFile; productRef = E500B61D29662FE600DCCB9F /* FirebaseAuth */; };
		E500B62029662FE600DCCB9F /* FirebaseFirestore in Frameworks */ = {isa = PBXBuildFile; productRef = E500B61F29662FE600DCCB9F /* FirebaseFirestore */; };
		E500B62229662FE600DCCB9F /* FirebaseStorage in Frameworks */ = {isa = PBXBuildFile; productRef = E500B62129662FE600DCCB9F /* FirebaseStorage */; };
		E500B6252966331D00DCCB9F /* FirebaseAccesible.swift in Sources */ = {isa = PBXBuildFile; fileRef = E500B6242966331D00DCCB9F /* FirebaseAccesible.swift */; };
		E50389012963528200B3773E /* AppDelegate.swift in Sources */ = {isa = PBXBuildFile; fileRef = E50389002963528200B3773E /* AppDelegate.swift */; };
		E50389052963528200B3773E /* AuthViewController.swift in Sources */ = {isa = PBXBuildFile; fileRef = E50389042963528200B3773E /* AuthViewController.swift */; };
		E503890D2963528600B3773E /* LaunchScreen.storyboard in Resources */ = {isa = PBXBuildFile; fileRef = E503890B2963528600B3773E /* LaunchScreen.storyboard */; };
		E5109D2129674D6D008CB0B9 /* User.swift in Sources */ = {isa = PBXBuildFile; fileRef = E5109D2029674D6D008CB0B9 /* User.swift */; };
		E5109D2329676DB2008CB0B9 /* AuthViewModel.swift in Sources */ = {isa = PBXBuildFile; fileRef = E5109D2229676DB2008CB0B9 /* AuthViewModel.swift */; };
		E543206F2964CE4C00B5733B /* SignUpView.swift in Sources */ = {isa = PBXBuildFile; fileRef = E543206E2964CE4C00B5733B /* SignUpView.swift */; };
		E56E456F2968AB5E00BD30C5 /* FirestoreKit.swift in Sources */ = {isa = PBXBuildFile; fileRef = E56E456E2968AB5E00BD30C5 /* FirestoreKit.swift */; };
		E56E45712968C63900BD30C5 /* ChatsViewController.swift in Sources */ = {isa = PBXBuildFile; fileRef = E56E45702968C63900BD30C5 /* ChatsViewController.swift */; };
		E56E45742968CED400BD30C5 /* TabBar.swift in Sources */ = {isa = PBXBuildFile; fileRef = E56E45732968CED400BD30C5 /* TabBar.swift */; };
		E56E45762969FC2100BD30C5 /* Constants.swift in Sources */ = {isa = PBXBuildFile; fileRef = E56E45752969FC2100BD30C5 /* Constants.swift */; };
		E578A2052963580400BDB23B /* UIViewController+Extension.swift in Sources */ = {isa = PBXBuildFile; fileRef = E578A2042963580400BDB23B /* UIViewController+Extension.swift */; };
		E578A208296362EC00BDB23B /* AuthTextField.swift in Sources */ = {isa = PBXBuildFile; fileRef = E578A207296362EC00BDB23B /* AuthTextField.swift */; };
		E578A20A29638FCA00BDB23B /* LoginView.swift in Sources */ = {isa = PBXBuildFile; fileRef = E578A20929638FCA00BDB23B /* LoginView.swift */; };
		E5D03D4E2964E33600DE6BAD /* UIButton+Extension.swift in Sources */ = {isa = PBXBuildFile; fileRef = E5D03D4D2964E33600DE6BAD /* UIButton+Extension.swift */; };
		E5EF1118296B405E00D8F799 /* JGProgressHUD in Frameworks */ = {isa = PBXBuildFile; productRef = E5EF1117296B405E00D8F799 /* JGProgressHUD */; };
		E5EF111B296B4B9B00D8F799 /* IQKeyboardManagerSwift in Frameworks */ = {isa = PBXBuildFile; productRef = E5EF111A296B4B9B00D8F799 /* IQKeyboardManagerSwift */; };
		E5EF1121296B5A1400D8F799 /* ChatsTableView.swift in Sources */ = {isa = PBXBuildFile; fileRef = E5EF1120296B5A1400D8F799 /* ChatsTableView.swift */; };
		E5EF1123296B5AB300D8F799 /* ChatTableViewCell.swift in Sources */ = {isa = PBXBuildFile; fileRef = E5EF1122296B5AB300D8F799 /* ChatTableViewCell.swift */; };
		E5EF1129296C8E0000D8F799 /* ChatsViewModel.swift in Sources */ = {isa = PBXBuildFile; fileRef = E5EF1128296C8E0000D8F799 /* ChatsViewModel.swift */; };
		E5EF112F296DF4E400D8F799 /* NewMessageTableView.swift in Sources */ = {isa = PBXBuildFile; fileRef = E5EF112E296DF4E400D8F799 /* NewMessageTableView.swift */; };
		E5EF1131296DF4F700D8F799 /* NewMessageCell.swift in Sources */ = {isa = PBXBuildFile; fileRef = E5EF1130296DF4F700D8F799 /* NewMessageCell.swift */; };
		E5EF1133296DF59300D8F799 /* NewMessageViewController.swift in Sources */ = {isa = PBXBuildFile; fileRef = E5EF1132296DF59200D8F799 /* NewMessageViewController.swift */; };
		E5EF1135296E049000D8F799 /* NewMessageViewModel.swift in Sources */ = {isa = PBXBuildFile; fileRef = E5EF1134296E049000D8F799 /* NewMessageViewModel.swift */; };
		E5EF1138296E148F00D8F799 /* Kingfisher in Frameworks */ = {isa = PBXBuildFile; productRef = E5EF1137296E148F00D8F799 /* Kingfisher */; };
/* End PBXBuildFile section */

/* Begin PBXFileReference section */
		E500B61829662EF700DCCB9F /* GoogleService-Info.plist */ = {isa = PBXFileReference; fileEncoding = 4; lastKnownFileType = text.plist.xml; path = "GoogleService-Info.plist"; sourceTree = "<group>"; };
		E500B6242966331D00DCCB9F /* FirebaseAccesible.swift */ = {isa = PBXFileReference; lastKnownFileType = sourcecode.swift; path = FirebaseAccesible.swift; sourceTree = "<group>"; };
		E50388FD2963528200B3773E /* ChitChat.app */ = {isa = PBXFileReference; explicitFileType = wrapper.application; includeInIndex = 0; path = ChitChat.app; sourceTree = BUILT_PRODUCTS_DIR; };
		E50389002963528200B3773E /* AppDelegate.swift */ = {isa = PBXFileReference; lastKnownFileType = sourcecode.swift; path = AppDelegate.swift; sourceTree = "<group>"; };
		E50389042963528200B3773E /* AuthViewController.swift */ = {isa = PBXFileReference; lastKnownFileType = sourcecode.swift; path = AuthViewController.swift; sourceTree = "<group>"; };
		E503890C2963528600B3773E /* Base */ = {isa = PBXFileReference; lastKnownFileType = file.storyboard; name = Base; path = Base.lproj/LaunchScreen.storyboard; sourceTree = "<group>"; };
		E503890E2963528600B3773E /* Info.plist */ = {isa = PBXFileReference; lastKnownFileType = text.plist.xml; path = Info.plist; sourceTree = "<group>"; };
		E5109D2029674D6D008CB0B9 /* User.swift */ = {isa = PBXFileReference; lastKnownFileType = sourcecode.swift; path = User.swift; sourceTree = "<group>"; };
		E5109D2229676DB2008CB0B9 /* AuthViewModel.swift */ = {isa = PBXFileReference; lastKnownFileType = sourcecode.swift; path = AuthViewModel.swift; sourceTree = "<group>"; };
		E543206E2964CE4C00B5733B /* SignUpView.swift */ = {isa = PBXFileReference; lastKnownFileType = sourcecode.swift; path = SignUpView.swift; sourceTree = "<group>"; };
		E56E456E2968AB5E00BD30C5 /* FirestoreKit.swift */ = {isa = PBXFileReference; lastKnownFileType = sourcecode.swift; path = FirestoreKit.swift; sourceTree = "<group>"; };
		E56E45702968C63900BD30C5 /* ChatsViewController.swift */ = {isa = PBXFileReference; lastKnownFileType = sourcecode.swift; path = ChatsViewController.swift; sourceTree = "<group>"; };
		E56E45732968CED400BD30C5 /* TabBar.swift */ = {isa = PBXFileReference; lastKnownFileType = sourcecode.swift; path = TabBar.swift; sourceTree = "<group>"; };
		E56E45752969FC2100BD30C5 /* Constants.swift */ = {isa = PBXFileReference; lastKnownFileType = sourcecode.swift; path = Constants.swift; sourceTree = "<group>"; };
		E578A2042963580400BDB23B /* UIViewController+Extension.swift */ = {isa = PBXFileReference; lastKnownFileType = sourcecode.swift; path = "UIViewController+Extension.swift"; sourceTree = "<group>"; };
		E578A207296362EC00BDB23B /* AuthTextField.swift */ = {isa = PBXFileReference; lastKnownFileType = sourcecode.swift; path = AuthTextField.swift; sourceTree = "<group>"; };
		E578A20929638FCA00BDB23B /* LoginView.swift */ = {isa = PBXFileReference; lastKnownFileType = sourcecode.swift; path = LoginView.swift; sourceTree = "<group>"; };
		E5D03D4D2964E33600DE6BAD /* UIButton+Extension.swift */ = {isa = PBXFileReference; lastKnownFileType = sourcecode.swift; path = "UIButton+Extension.swift"; sourceTree = "<group>"; };
		E5EF1120296B5A1400D8F799 /* ChatsTableView.swift */ = {isa = PBXFileReference; lastKnownFileType = sourcecode.swift; path = ChatsTableView.swift; sourceTree = "<group>"; };
		E5EF1122296B5AB300D8F799 /* ChatTableViewCell.swift */ = {isa = PBXFileReference; lastKnownFileType = sourcecode.swift; path = ChatTableViewCell.swift; sourceTree = "<group>"; };
		E5EF1128296C8E0000D8F799 /* ChatsViewModel.swift */ = {isa = PBXFileReference; lastKnownFileType = sourcecode.swift; path = ChatsViewModel.swift; sourceTree = "<group>"; };
		E5EF112E296DF4E400D8F799 /* NewMessageTableView.swift */ = {isa = PBXFileReference; lastKnownFileType = sourcecode.swift; path = NewMessageTableView.swift; sourceTree = "<group>"; };
		E5EF1130296DF4F700D8F799 /* NewMessageCell.swift */ = {isa = PBXFileReference; lastKnownFileType = sourcecode.swift; path = NewMessageCell.swift; sourceTree = "<group>"; };
		E5EF1132296DF59200D8F799 /* NewMessageViewController.swift */ = {isa = PBXFileReference; lastKnownFileType = sourcecode.swift; path = NewMessageViewController.swift; sourceTree = "<group>"; };
		E5EF1134296E049000D8F799 /* NewMessageViewModel.swift */ = {isa = PBXFileReference; lastKnownFileType = sourcecode.swift; path = NewMessageViewModel.swift; sourceTree = "<group>"; };
/* End PBXFileReference section */

/* Begin PBXFrameworksBuildPhase section */
		E50388FA2963528200B3773E /* Frameworks */ = {
			isa = PBXFrameworksBuildPhase;
			buildActionMask = 2147483647;
			files = (
				E500B61C29662FE600DCCB9F /* FirebaseAnalytics in Frameworks */,
				E500B62229662FE600DCCB9F /* FirebaseStorage in Frameworks */,
				E5EF1138296E148F00D8F799 /* Kingfisher in Frameworks */,
				E500B61E29662FE600DCCB9F /* FirebaseAuth in Frameworks */,
				E500B62029662FE600DCCB9F /* FirebaseFirestore in Frameworks */,
				E5EF1118296B405E00D8F799 /* JGProgressHUD in Frameworks */,
				E5EF111B296B4B9B00D8F799 /* IQKeyboardManagerSwift in Frameworks */,
			);
			runOnlyForDeploymentPostprocessing = 0;
		};
/* End PBXFrameworksBuildPhase section */

/* Begin PBXGroup section */
		E500B6232966330600DCCB9F /* Core */ = {
			isa = PBXGroup;
			children = (
				E500B6242966331D00DCCB9F /* FirebaseAccesible.swift */,
				E56E456E2968AB5E00BD30C5 /* FirestoreKit.swift */,
				E56E45752969FC2100BD30C5 /* Constants.swift */,
			);
			path = Core;
			sourceTree = "<group>";
		};
		E50388F42963528200B3773E = {
			isa = PBXGroup;
			children = (
				E50388FF2963528200B3773E /* ChitChat */,
				E50388FE2963528200B3773E /* Products */,
			);
			sourceTree = "<group>";
		};
		E50388FE2963528200B3773E /* Products */ = {
			isa = PBXGroup;
			children = (
				E50388FD2963528200B3773E /* ChitChat.app */,
			);
			name = Products;
			sourceTree = "<group>";
		};
		E50388FF2963528200B3773E /* ChitChat */ = {
			isa = PBXGroup;
			children = (
				E578A1F8296354E100BDB23B /* App */,
				E578A1F9296354EB00BDB23B /* Screens */,
			);
			path = ChitChat;
			sourceTree = "<group>";
		};
		E543206C2964CE2100B5733B /* Login */ = {
			isa = PBXGroup;
			children = (
				E578A20929638FCA00BDB23B /* LoginView.swift */,
			);
			path = Login;
			sourceTree = "<group>";
		};
		E543206D2964CE2D00B5733B /* SignUp */ = {
			isa = PBXGroup;
			children = (
				E543206E2964CE4C00B5733B /* SignUpView.swift */,
			);
			path = SignUp;
			sourceTree = "<group>";
		};
		E56E45722968CEBA00BD30C5 /* ChatsScreen */ = {
			isa = PBXGroup;
			children = (
				E5EF111C296B596400D8F799 /* Controller */,
				E5EF111E296B597700D8F799 /* ViewModel */,
				E5EF111D296B597100D8F799 /* View */,
			);
			path = ChatsScreen;
			sourceTree = "<group>";
		};
		E578A1F8296354E100BDB23B /* App */ = {
			isa = PBXGroup;
			children = (
				E500B6232966330600DCCB9F /* Core */,
				E578A206296362C000BDB23B /* ReusableViews */,
				E578A203296357EA00BDB23B /* Extensions */,
				E578A1FD2963551500BDB23B /* Delegates */,
				E578A1FC2963550C00BDB23B /* Base */,
				E578A1FB2963550300BDB23B /* Assets */,
				E578A1FA296354F800BDB23B /* Plists */,
			);
			path = App;
			sourceTree = "<group>";
		};
		E578A1F9296354EB00BDB23B /* Screens */ = {
			isa = PBXGroup;
			children = (
				E5EF112A296DF1C000D8F799 /* NewMessageScreen */,
				E56E45722968CEBA00BD30C5 /* ChatsScreen */,
				E578A1FE2963552C00BDB23B /* LoginScreen */,
				E5EF111F296B598800D8F799 /* Tabbar */,
			);
			path = Screens;
			sourceTree = "<group>";
		};
		E578A1FA296354F800BDB23B /* Plists */ = {
			isa = PBXGroup;
			children = (
				E500B61829662EF700DCCB9F /* GoogleService-Info.plist */,
				E503890E2963528600B3773E /* Info.plist */,
			);
			path = Plists;
			sourceTree = "<group>";
		};
		E578A1FB2963550300BDB23B /* Assets */ = {
			isa = PBXGroup;
			children = (
			);
			path = Assets;
			sourceTree = "<group>";
		};
		E578A1FC2963550C00BDB23B /* Base */ = {
			isa = PBXGroup;
			children = (
				E503890B2963528600B3773E /* LaunchScreen.storyboard */,
			);
			path = Base;
			sourceTree = "<group>";
		};
		E578A1FD2963551500BDB23B /* Delegates */ = {
			isa = PBXGroup;
			children = (
				E50389002963528200B3773E /* AppDelegate.swift */,
			);
			path = Delegates;
			sourceTree = "<group>";
		};
		E578A1FE2963552C00BDB23B /* LoginScreen */ = {
			isa = PBXGroup;
			children = (
				E578A2022963555200BDB23B /* Controller */,
				E578A2012963554700BDB23B /* ViewModel */,
				E578A1FF2963553B00BDB23B /* View */,
				E578A2002963554100BDB23B /* Model */,
			);
			path = LoginScreen;
			sourceTree = "<group>";
		};
		E578A1FF2963553B00BDB23B /* View */ = {
			isa = PBXGroup;
			children = (
				E543206D2964CE2D00B5733B /* SignUp */,
				E543206C2964CE2100B5733B /* Login */,
			);
			path = View;
			sourceTree = "<group>";
		};
		E578A2002963554100BDB23B /* Model */ = {
			isa = PBXGroup;
			children = (
				E5109D2029674D6D008CB0B9 /* User.swift */,
			);
			path = Model;
			sourceTree = "<group>";
		};
		E578A2012963554700BDB23B /* ViewModel */ = {
			isa = PBXGroup;
			children = (
				E5109D2229676DB2008CB0B9 /* AuthViewModel.swift */,
			);
			path = ViewModel;
			sourceTree = "<group>";
		};
		E578A2022963555200BDB23B /* Controller */ = {
			isa = PBXGroup;
			children = (
				E50389042963528200B3773E /* AuthViewController.swift */,
			);
			path = Controller;
			sourceTree = "<group>";
		};
		E578A203296357EA00BDB23B /* Extensions */ = {
			isa = PBXGroup;
			children = (
				E578A2042963580400BDB23B /* UIViewController+Extension.swift */,
				E5D03D4D2964E33600DE6BAD /* UIButton+Extension.swift */,
			);
			path = Extensions;
			sourceTree = "<group>";
		};
		E578A206296362C000BDB23B /* ReusableViews */ = {
			isa = PBXGroup;
			children = (
				E578A207296362EC00BDB23B /* AuthTextField.swift */,
			);
			path = ReusableViews;
			sourceTree = "<group>";
		};
		E5EF111C296B596400D8F799 /* Controller */ = {
			isa = PBXGroup;
			children = (
				E56E45702968C63900BD30C5 /* ChatsViewController.swift */,
			);
			path = Controller;
			sourceTree = "<group>";
		};
		E5EF111D296B597100D8F799 /* View */ = {
			isa = PBXGroup;
			children = (
				E5EF1120296B5A1400D8F799 /* ChatsTableView.swift */,
				E5EF1122296B5AB300D8F799 /* ChatTableViewCell.swift */,
			);
			path = View;
			sourceTree = "<group>";
		};
		E5EF111E296B597700D8F799 /* ViewModel */ = {
			isa = PBXGroup;
			children = (
				E5EF1128296C8E0000D8F799 /* ChatsViewModel.swift */,
			);
			path = ViewModel;
			sourceTree = "<group>";
		};
		E5EF111F296B598800D8F799 /* Tabbar */ = {
			isa = PBXGroup;
			children = (
				E56E45732968CED400BD30C5 /* TabBar.swift */,
			);
			path = Tabbar;
			sourceTree = "<group>";
		};
		E5EF112A296DF1C000D8F799 /* NewMessageScreen */ = {
			isa = PBXGroup;
			children = (
				E5EF112D296DF48400D8F799 /* Controller */,
				E5EF112C296DF47A00D8F799 /* ViewModel */,
				E5EF112B296DF47400D8F799 /* View */,
			);
			path = NewMessageScreen;
			sourceTree = "<group>";
		};
		E5EF112B296DF47400D8F799 /* View */ = {
			isa = PBXGroup;
			children = (
				E5EF112E296DF4E400D8F799 /* NewMessageTableView.swift */,
				E5EF1130296DF4F700D8F799 /* NewMessageCell.swift */,
			);
			path = View;
			sourceTree = "<group>";
		};
		E5EF112C296DF47A00D8F799 /* ViewModel */ = {
			isa = PBXGroup;
			children = (
				E5EF1134296E049000D8F799 /* NewMessageViewModel.swift */,
			);
			path = ViewModel;
			sourceTree = "<group>";
		};
		E5EF112D296DF48400D8F799 /* Controller */ = {
			isa = PBXGroup;
			children = (
				E5EF1132296DF59200D8F799 /* NewMessageViewController.swift */,
			);
			path = Controller;
			sourceTree = "<group>";
		};
/* End PBXGroup section */

/* Begin PBXNativeTarget section */
		E50388FC2963528200B3773E /* ChitChat */ = {
			isa = PBXNativeTarget;
			buildConfigurationList = E50389112963528600B3773E /* Build configuration list for PBXNativeTarget "ChitChat" */;
			buildPhases = (
				E50388F92963528200B3773E /* Sources */,
				E50388FA2963528200B3773E /* Frameworks */,
				E50388FB2963528200B3773E /* Resources */,
			);
			buildRules = (
			);
			dependencies = (
			);
			name = ChitChat;
			packageProductDependencies = (
				E500B61B29662FE600DCCB9F /* FirebaseAnalytics */,
				E500B61D29662FE600DCCB9F /* FirebaseAuth */,
				E500B61F29662FE600DCCB9F /* FirebaseFirestore */,
				E500B62129662FE600DCCB9F /* FirebaseStorage */,
				E5EF1117296B405E00D8F799 /* JGProgressHUD */,
				E5EF111A296B4B9B00D8F799 /* IQKeyboardManagerSwift */,
				E5EF1137296E148F00D8F799 /* Kingfisher */,
			);
			productName = ChitChat;
			productReference = E50388FD2963528200B3773E /* ChitChat.app */;
			productType = "com.apple.product-type.application";
		};
/* End PBXNativeTarget section */

/* Begin PBXProject section */
		E50388F52963528200B3773E /* Project object */ = {
			isa = PBXProject;
			attributes = {
				BuildIndependentTargetsInParallel = 1;
				LastSwiftUpdateCheck = 1420;
				LastUpgradeCheck = 1420;
				TargetAttributes = {
					E50388FC2963528200B3773E = {
						CreatedOnToolsVersion = 14.2;
					};
				};
			};
			buildConfigurationList = E50388F82963528200B3773E /* Build configuration list for PBXProject "ChitChat" */;
			compatibilityVersion = "Xcode 14.0";
			developmentRegion = en;
			hasScannedForEncodings = 0;
			knownRegions = (
				en,
				Base,
			);
			mainGroup = E50388F42963528200B3773E;
			packageReferences = (
				E500B61A29662FE600DCCB9F /* XCRemoteSwiftPackageReference "firebase-ios-sdk" */,
				E5EF1116296B405E00D8F799 /* XCRemoteSwiftPackageReference "JGProgressHUD" */,
				E5EF1119296B4B9B00D8F799 /* XCRemoteSwiftPackageReference "IQKeyboardManager" */,
				E5EF1136296E148E00D8F799 /* XCRemoteSwiftPackageReference "Kingfisher" */,
			);
			productRefGroup = E50388FE2963528200B3773E /* Products */;
			projectDirPath = "";
			projectRoot = "";
			targets = (
				E50388FC2963528200B3773E /* ChitChat */,
			);
		};
/* End PBXProject section */

/* Begin PBXResourcesBuildPhase section */
		E50388FB2963528200B3773E /* Resources */ = {
			isa = PBXResourcesBuildPhase;
			buildActionMask = 2147483647;
			files = (
				E503890D2963528600B3773E /* LaunchScreen.storyboard in Resources */,
				E500B61929662EF700DCCB9F /* GoogleService-Info.plist in Resources */,
			);
			runOnlyForDeploymentPostprocessing = 0;
		};
/* End PBXResourcesBuildPhase section */

/* Begin PBXSourcesBuildPhase section */
		E50388F92963528200B3773E /* Sources */ = {
			isa = PBXSourcesBuildPhase;
			buildActionMask = 2147483647;
			files = (
				E5EF1131296DF4F700D8F799 /* NewMessageCell.swift in Sources */,
				E5109D2329676DB2008CB0B9 /* AuthViewModel.swift in Sources */,
				E5EF1121296B5A1400D8F799 /* ChatsTableView.swift in Sources */,
				E5EF112F296DF4E400D8F799 /* NewMessageTableView.swift in Sources */,
				E578A2052963580400BDB23B /* UIViewController+Extension.swift in Sources */,
				E543206F2964CE4C00B5733B /* SignUpView.swift in Sources */,
				E578A208296362EC00BDB23B /* AuthTextField.swift in Sources */,
				E5EF1133296DF59300D8F799 /* NewMessageViewController.swift in Sources */,
				E5EF1123296B5AB300D8F799 /* ChatTableViewCell.swift in Sources */,
				E50389052963528200B3773E /* AuthViewController.swift in Sources */,
				E578A20A29638FCA00BDB23B /* LoginView.swift in Sources */,
				E56E456F2968AB5E00BD30C5 /* FirestoreKit.swift in Sources */,
				E5EF1135296E049000D8F799 /* NewMessageViewModel.swift in Sources */,
				E5109D2129674D6D008CB0B9 /* User.swift in Sources */,
				E50389012963528200B3773E /* AppDelegate.swift in Sources */,
				E56E45742968CED400BD30C5 /* TabBar.swift in Sources */,
				E500B6252966331D00DCCB9F /* FirebaseAccesible.swift in Sources */,
				E56E45762969FC2100BD30C5 /* Constants.swift in Sources */,
				E5D03D4E2964E33600DE6BAD /* UIButton+Extension.swift in Sources */,
				E56E45712968C63900BD30C5 /* ChatsViewController.swift in Sources */,
				E5EF1129296C8E0000D8F799 /* ChatsViewModel.swift in Sources */,
			);
			runOnlyForDeploymentPostprocessing = 0;
		};
/* End PBXSourcesBuildPhase section */

/* Begin PBXVariantGroup section */
		E503890B2963528600B3773E /* LaunchScreen.storyboard */ = {
			isa = PBXVariantGroup;
			children = (
				E503890C2963528600B3773E /* Base */,
			);
			name = LaunchScreen.storyboard;
			sourceTree = "<group>";
		};
/* End PBXVariantGroup section */

/* Begin XCBuildConfiguration section */
		E503890F2963528600B3773E /* Debug */ = {
			isa = XCBuildConfiguration;
			buildSettings = {
				ALWAYS_SEARCH_USER_PATHS = NO;
				CLANG_ANALYZER_NONNULL = YES;
				CLANG_ANALYZER_NUMBER_OBJECT_CONVERSION = YES_AGGRESSIVE;
				CLANG_CXX_LANGUAGE_STANDARD = "gnu++20";
				CLANG_ENABLE_MODULES = YES;
				CLANG_ENABLE_OBJC_ARC = YES;
				CLANG_ENABLE_OBJC_WEAK = YES;
				CLANG_WARN_BLOCK_CAPTURE_AUTORELEASING = YES;
				CLANG_WARN_BOOL_CONVERSION = YES;
				CLANG_WARN_COMMA = YES;
				CLANG_WARN_CONSTANT_CONVERSION = YES;
				CLANG_WARN_DEPRECATED_OBJC_IMPLEMENTATIONS = YES;
				CLANG_WARN_DIRECT_OBJC_ISA_USAGE = YES_ERROR;
				CLANG_WARN_DOCUMENTATION_COMMENTS = YES;
				CLANG_WARN_EMPTY_BODY = YES;
				CLANG_WARN_ENUM_CONVERSION = YES;
				CLANG_WARN_INFINITE_RECURSION = YES;
				CLANG_WARN_INT_CONVERSION = YES;
				CLANG_WARN_NON_LITERAL_NULL_CONVERSION = YES;
				CLANG_WARN_OBJC_IMPLICIT_RETAIN_SELF = YES;
				CLANG_WARN_OBJC_LITERAL_CONVERSION = YES;
				CLANG_WARN_OBJC_ROOT_CLASS = YES_ERROR;
				CLANG_WARN_QUOTED_INCLUDE_IN_FRAMEWORK_HEADER = YES;
				CLANG_WARN_RANGE_LOOP_ANALYSIS = YES;
				CLANG_WARN_STRICT_PROTOTYPES = YES;
				CLANG_WARN_SUSPICIOUS_MOVE = YES;
				CLANG_WARN_UNGUARDED_AVAILABILITY = YES_AGGRESSIVE;
				CLANG_WARN_UNREACHABLE_CODE = YES;
				CLANG_WARN__DUPLICATE_METHOD_MATCH = YES;
				COPY_PHASE_STRIP = NO;
				DEBUG_INFORMATION_FORMAT = dwarf;
				ENABLE_STRICT_OBJC_MSGSEND = YES;
				ENABLE_TESTABILITY = YES;
				GCC_C_LANGUAGE_STANDARD = gnu11;
				GCC_DYNAMIC_NO_PIC = NO;
				GCC_NO_COMMON_BLOCKS = YES;
				GCC_OPTIMIZATION_LEVEL = 0;
				GCC_PREPROCESSOR_DEFINITIONS = (
					"DEBUG=1",
					"$(inherited)",
				);
				GCC_WARN_64_TO_32_BIT_CONVERSION = YES;
				GCC_WARN_ABOUT_RETURN_TYPE = YES_ERROR;
				GCC_WARN_UNDECLARED_SELECTOR = YES;
				GCC_WARN_UNINITIALIZED_AUTOS = YES_AGGRESSIVE;
				GCC_WARN_UNUSED_FUNCTION = YES;
				GCC_WARN_UNUSED_VARIABLE = YES;
				IPHONEOS_DEPLOYMENT_TARGET = 16.2;
				MTL_ENABLE_DEBUG_INFO = INCLUDE_SOURCE;
				MTL_FAST_MATH = YES;
				ONLY_ACTIVE_ARCH = YES;
				SDKROOT = iphoneos;
				SWIFT_ACTIVE_COMPILATION_CONDITIONS = DEBUG;
				SWIFT_OPTIMIZATION_LEVEL = "-Onone";
			};
			name = Debug;
		};
		E50389102963528600B3773E /* Release */ = {
			isa = XCBuildConfiguration;
			buildSettings = {
				ALWAYS_SEARCH_USER_PATHS = NO;
				CLANG_ANALYZER_NONNULL = YES;
				CLANG_ANALYZER_NUMBER_OBJECT_CONVERSION = YES_AGGRESSIVE;
				CLANG_CXX_LANGUAGE_STANDARD = "gnu++20";
				CLANG_ENABLE_MODULES = YES;
				CLANG_ENABLE_OBJC_ARC = YES;
				CLANG_ENABLE_OBJC_WEAK = YES;
				CLANG_WARN_BLOCK_CAPTURE_AUTORELEASING = YES;
				CLANG_WARN_BOOL_CONVERSION = YES;
				CLANG_WARN_COMMA = YES;
				CLANG_WARN_CONSTANT_CONVERSION = YES;
				CLANG_WARN_DEPRECATED_OBJC_IMPLEMENTATIONS = YES;
				CLANG_WARN_DIRECT_OBJC_ISA_USAGE = YES_ERROR;
				CLANG_WARN_DOCUMENTATION_COMMENTS = YES;
				CLANG_WARN_EMPTY_BODY = YES;
				CLANG_WARN_ENUM_CONVERSION = YES;
				CLANG_WARN_INFINITE_RECURSION = YES;
				CLANG_WARN_INT_CONVERSION = YES;
				CLANG_WARN_NON_LITERAL_NULL_CONVERSION = YES;
				CLANG_WARN_OBJC_IMPLICIT_RETAIN_SELF = YES;
				CLANG_WARN_OBJC_LITERAL_CONVERSION = YES;
				CLANG_WARN_OBJC_ROOT_CLASS = YES_ERROR;
				CLANG_WARN_QUOTED_INCLUDE_IN_FRAMEWORK_HEADER = YES;
				CLANG_WARN_RANGE_LOOP_ANALYSIS = YES;
				CLANG_WARN_STRICT_PROTOTYPES = YES;
				CLANG_WARN_SUSPICIOUS_MOVE = YES;
				CLANG_WARN_UNGUARDED_AVAILABILITY = YES_AGGRESSIVE;
				CLANG_WARN_UNREACHABLE_CODE = YES;
				CLANG_WARN__DUPLICATE_METHOD_MATCH = YES;
				COPY_PHASE_STRIP = NO;
				DEBUG_INFORMATION_FORMAT = "dwarf-with-dsym";
				ENABLE_NS_ASSERTIONS = NO;
				ENABLE_STRICT_OBJC_MSGSEND = YES;
				GCC_C_LANGUAGE_STANDARD = gnu11;
				GCC_NO_COMMON_BLOCKS = YES;
				GCC_WARN_64_TO_32_BIT_CONVERSION = YES;
				GCC_WARN_ABOUT_RETURN_TYPE = YES_ERROR;
				GCC_WARN_UNDECLARED_SELECTOR = YES;
				GCC_WARN_UNINITIALIZED_AUTOS = YES_AGGRESSIVE;
				GCC_WARN_UNUSED_FUNCTION = YES;
				GCC_WARN_UNUSED_VARIABLE = YES;
				IPHONEOS_DEPLOYMENT_TARGET = 16.2;
				MTL_ENABLE_DEBUG_INFO = NO;
				MTL_FAST_MATH = YES;
				SDKROOT = iphoneos;
				SWIFT_COMPILATION_MODE = wholemodule;
				SWIFT_OPTIMIZATION_LEVEL = "-O";
				VALIDATE_PRODUCT = YES;
			};
			name = Release;
		};
		E50389122963528600B3773E /* Debug */ = {
			isa = XCBuildConfiguration;
			buildSettings = {
				ASSETCATALOG_COMPILER_APPICON_NAME = AppIcon;
				ASSETCATALOG_COMPILER_GLOBAL_ACCENT_COLOR_NAME = AccentColor;
				CODE_SIGN_STYLE = Automatic;
				CURRENT_PROJECT_VERSION = 1;
				DEVELOPMENT_TEAM = 5JW46KNSWA;
				GENERATE_INFOPLIST_FILE = YES;
				INFOPLIST_FILE = ChitChat/App/Plists/Info.plist;
				INFOPLIST_KEY_UIApplicationSupportsIndirectInputEvents = YES;
				INFOPLIST_KEY_UILaunchStoryboardName = LaunchScreen;
				INFOPLIST_KEY_UISupportedInterfaceOrientations_iPad = "UIInterfaceOrientationPortrait UIInterfaceOrientationPortraitUpsideDown";
				INFOPLIST_KEY_UISupportedInterfaceOrientations_iPhone = UIInterfaceOrientationPortrait;
				IPHONEOS_DEPLOYMENT_TARGET = 15.0;
				LD_RUNPATH_SEARCH_PATHS = (
					"$(inherited)",
					"@executable_path/Frameworks",
				);
				MARKETING_VERSION = 1.0;
				PRODUCT_BUNDLE_IDENTIFIER = com.eymenVarilci.ChitChat;
				PRODUCT_NAME = "$(TARGET_NAME)";
				SWIFT_EMIT_LOC_STRINGS = YES;
				SWIFT_VERSION = 5.0;
				TARGETED_DEVICE_FAMILY = "1,2";
			};
			name = Debug;
		};
		E50389132963528600B3773E /* Release */ = {
			isa = XCBuildConfiguration;
			buildSettings = {
				ASSETCATALOG_COMPILER_APPICON_NAME = AppIcon;
				ASSETCATALOG_COMPILER_GLOBAL_ACCENT_COLOR_NAME = AccentColor;
				CODE_SIGN_STYLE = Automatic;
				CURRENT_PROJECT_VERSION = 1;
				DEVELOPMENT_TEAM = 5JW46KNSWA;
				GENERATE_INFOPLIST_FILE = YES;
				INFOPLIST_FILE = ChitChat/App/Plists/Info.plist;
				INFOPLIST_KEY_UIApplicationSupportsIndirectInputEvents = YES;
				INFOPLIST_KEY_UILaunchStoryboardName = LaunchScreen;
				INFOPLIST_KEY_UISupportedInterfaceOrientations_iPad = "UIInterfaceOrientationPortrait UIInterfaceOrientationPortraitUpsideDown";
				INFOPLIST_KEY_UISupportedInterfaceOrientations_iPhone = UIInterfaceOrientationPortrait;
				IPHONEOS_DEPLOYMENT_TARGET = 15.0;
				LD_RUNPATH_SEARCH_PATHS = (
					"$(inherited)",
					"@executable_path/Frameworks",
				);
				MARKETING_VERSION = 1.0;
				PRODUCT_BUNDLE_IDENTIFIER = com.eymenVarilci.ChitChat;
				PRODUCT_NAME = "$(TARGET_NAME)";
				SWIFT_EMIT_LOC_STRINGS = YES;
				SWIFT_VERSION = 5.0;
				TARGETED_DEVICE_FAMILY = "1,2";
			};
			name = Release;
		};
/* End XCBuildConfiguration section */

/* Begin XCConfigurationList section */
		E50388F82963528200B3773E /* Build configuration list for PBXProject "ChitChat" */ = {
			isa = XCConfigurationList;
			buildConfigurations = (
				E503890F2963528600B3773E /* Debug */,
				E50389102963528600B3773E /* Release */,
			);
			defaultConfigurationIsVisible = 0;
			defaultConfigurationName = Release;
		};
		E50389112963528600B3773E /* Build configuration list for PBXNativeTarget "ChitChat" */ = {
			isa = XCConfigurationList;
			buildConfigurations = (
				E50389122963528600B3773E /* Debug */,
				E50389132963528600B3773E /* Release */,
			);
			defaultConfigurationIsVisible = 0;
			defaultConfigurationName = Release;
		};
/* End XCConfigurationList section */

/* Begin XCRemoteSwiftPackageReference section */
		E500B61A29662FE600DCCB9F /* XCRemoteSwiftPackageReference "firebase-ios-sdk" */ = {
			isa = XCRemoteSwiftPackageReference;
			repositoryURL = "https://github.com/firebase/firebase-ios-sdk";
			requirement = {
				kind = upToNextMajorVersion;
				minimumVersion = 9.0.0;
			};
		};
		E5EF1116296B405E00D8F799 /* XCRemoteSwiftPackageReference "JGProgressHUD" */ = {
			isa = XCRemoteSwiftPackageReference;
			repositoryURL = "https://github.com/JonasGessner/JGProgressHUD.git";
			requirement = {
				kind = upToNextMajorVersion;
				minimumVersion = 2.0.0;
			};
		};
		E5EF1119296B4B9B00D8F799 /* XCRemoteSwiftPackageReference "IQKeyboardManager" */ = {
			isa = XCRemoteSwiftPackageReference;
			repositoryURL = "https://github.com/hackiftekhar/IQKeyboardManager.git";
			requirement = {
				kind = versionRange;
				maximumVersion = 9.0.0;
				minimumVersion = 6.5.0;
			};
		};
		E5EF1136296E148E00D8F799 /* XCRemoteSwiftPackageReference "Kingfisher" */ = {
			isa = XCRemoteSwiftPackageReference;
			repositoryURL = "https://github.com/onevcat/Kingfisher.git";
			requirement = {
				kind = upToNextMajorVersion;
				minimumVersion = 7.0.0;
			};
		};
/* End XCRemoteSwiftPackageReference section */

/* Begin XCSwiftPackageProductDependency section */
		E500B61B29662FE600DCCB9F /* FirebaseAnalytics */ = {
			isa = XCSwiftPackageProductDependency;
			package = E500B61A29662FE600DCCB9F /* XCRemoteSwiftPackageReference "firebase-ios-sdk" */;
			productName = FirebaseAnalytics;
		};
		E500B61D29662FE600DCCB9F /* FirebaseAuth */ = {
			isa = XCSwiftPackageProductDependency;
			package = E500B61A29662FE600DCCB9F /* XCRemoteSwiftPackageReference "firebase-ios-sdk" */;
			productName = FirebaseAuth;
		};
		E500B61F29662FE600DCCB9F /* FirebaseFirestore */ = {
			isa = XCSwiftPackageProductDependency;
			package = E500B61A29662FE600DCCB9F /* XCRemoteSwiftPackageReference "firebase-ios-sdk" */;
			productName = FirebaseFirestore;
		};
		E500B62129662FE600DCCB9F /* FirebaseStorage */ = {
			isa = XCSwiftPackageProductDependency;
			package = E500B61A29662FE600DCCB9F /* XCRemoteSwiftPackageReference "firebase-ios-sdk" */;
			productName = FirebaseStorage;
		};
		E5EF1117296B405E00D8F799 /* JGProgressHUD */ = {
			isa = XCSwiftPackageProductDependency;
			package = E5EF1116296B405E00D8F799 /* XCRemoteSwiftPackageReference "JGProgressHUD" */;
			productName = JGProgressHUD;
		};
		E5EF111A296B4B9B00D8F799 /* IQKeyboardManagerSwift */ = {
			isa = XCSwiftPackageProductDependency;
			package = E5EF1119296B4B9B00D8F799 /* XCRemoteSwiftPackageReference "IQKeyboardManager" */;
			productName = IQKeyboardManagerSwift;
		};
		E5EF1137296E148F00D8F799 /* Kingfisher */ = {
			isa = XCSwiftPackageProductDependency;
			package = E5EF1136296E148E00D8F799 /* XCRemoteSwiftPackageReference "Kingfisher" */;
			productName = Kingfisher;
		};
/* End XCSwiftPackageProductDependency section */
	};
	rootObject = E50388F52963528200B3773E /* Project object */;
}
